// !$*UTF8*$!
{
	archiveVersion = 1;
	classes = {
	};
	objectVersion = 46;
	objects = {

/* Begin PBXBuildFile section */
		8EFD7F5B1EEA3DE2000C4E73 /* AppDelegate.swift in Sources */ = {isa = PBXBuildFile; fileRef = 8EFD7F5A1EEA3DE2000C4E73 /* AppDelegate.swift */; };
		8EFD7F5D1EEA3DE2000C4E73 /* ViewController.swift in Sources */ = {isa = PBXBuildFile; fileRef = 8EFD7F5C1EEA3DE2000C4E73 /* ViewController.swift */; };
		8EFD7F601EEA3DE2000C4E73 /* Main.storyboard in Resources */ = {isa = PBXBuildFile; fileRef = 8EFD7F5E1EEA3DE2000C4E73 /* Main.storyboard */; };
		8EFD7F621EEA3DE2000C4E73 /* Assets.xcassets in Resources */ = {isa = PBXBuildFile; fileRef = 8EFD7F611EEA3DE2000C4E73 /* Assets.xcassets */; };
		8EFD7F651EEA3DE2000C4E73 /* LaunchScreen.storyboard in Resources */ = {isa = PBXBuildFile; fileRef = 8EFD7F631EEA3DE2000C4E73 /* LaunchScreen.storyboard */; };
/* End PBXBuildFile section */

/* Begin PBXFileReference section */
		8EFD7F571EEA3DE2000C4E73 /* ZBDouYu.app */ = {isa = PBXFileReference; explicitFileType = wrapper.application; includeInIndex = 0; path = ZBDouYu.app; sourceTree = BUILT_PRODUCTS_DIR; };
		8EFD7F5A1EEA3DE2000C4E73 /* AppDelegate.swift */ = {isa = PBXFileReference; lastKnownFileType = sourcecode.swift; path = AppDelegate.swift; sourceTree = "<group>"; };
		8EFD7F5C1EEA3DE2000C4E73 /* ViewController.swift */ = {isa = PBXFileReference; lastKnownFileType = sourcecode.swift; path = ViewController.swift; sourceTree = "<group>"; };
		8EFD7F5F1EEA3DE2000C4E73 /* Base */ = {isa = PBXFileReference; lastKnownFileType = file.storyboard; name = Base; path = Base.lproj/Main.storyboard; sourceTree = "<group>"; };
		8EFD7F611EEA3DE2000C4E73 /* Assets.xcassets */ = {isa = PBXFileReference; lastKnownFileType = folder.assetcatalog; path = Assets.xcassets; sourceTree = "<group>"; };
		8EFD7F641EEA3DE2000C4E73 /* Base */ = {isa = PBXFileReference; lastKnownFileType = file.storyboard; name = Base; path = Base.lproj/LaunchScreen.storyboard; sourceTree = "<group>"; };
		8EFD7F661EEA3DE2000C4E73 /* Info.plist */ = {isa = PBXFileReference; lastKnownFileType = text.plist.xml; path = Info.plist; sourceTree = "<group>"; };
/* End PBXFileReference section */

/* Begin PBXFrameworksBuildPhase section */
		8EFD7F541EEA3DE1000C4E73 /* Frameworks */ = {
			isa = PBXFrameworksBuildPhase;
			buildActionMask = 2147483647;
			files = (
			);
			runOnlyForDeploymentPostprocessing = 0;
		};
/* End PBXFrameworksBuildPhase section */

/* Begin PBXGroup section */
		8EFD7F4E1EEA3DE1000C4E73 = {
			isa = PBXGroup;
			children = (
				8EFD7F591EEA3DE2000C4E73 /* ZBDouYu */,
				8EFD7F581EEA3DE2000C4E73 /* Products */,
			);
			sourceTree = "<group>";
		};
		8EFD7F581EEA3DE2000C4E73 /* Products */ = {
			isa = PBXGroup;
			children = (
				8EFD7F571EEA3DE2000C4E73 /* ZBDouYu.app */,
			);
			name = Products;
			sourceTree = "<group>";
		};
		8EFD7F591EEA3DE2000C4E73 /* ZBDouYu */ = {
			isa = PBXGroup;
			children = (
				8EFD7F5A1EEA3DE2000C4E73 /* AppDelegate.swift */,
				8EFD7F5C1EEA3DE2000C4E73 /* ViewController.swift */,
				8EFD7F5E1EEA3DE2000C4E73 /* Main.storyboard */,
				8EFD7F611EEA3DE2000C4E73 /* Assets.xcassets */,
				8EFD7F631EEA3DE2000C4E73 /* LaunchScreen.storyboard */,
				8EFD7F661EEA3DE2000C4E73 /* Info.plist */,
			);
			path = ZBDouYu;
			sourceTree = "<group>";
		};
/* End PBXGroup section */

/* Begin PBXNativeTarget section */
		8EFD7F561EEA3DE1000C4E73 /* ZBDouYu */ = {
			isa = PBXNativeTarget;
			buildConfigurationList = 8EFD7F691EEA3DE2000C4E73 /* Build configuration list for PBXNativeTarget "ZBDouYu" */;
			buildPhases = (
				8EFD7F531EEA3DE1000C4E73 /* Sources */,
				8EFD7F541EEA3DE1000C4E73 /* Frameworks */,
				8EFD7F551EEA3DE1000C4E73 /* Resources */,
			);
			buildRules = (
			);
			dependencies = (
			);
			name = ZBDouYu;
			productName = ZBDouYu;
			productReference = 8EFD7F571EEA3DE2000C4E73 /* ZBDouYu.app */;
			productType = "com.apple.product-type.application";
		};
/* End PBXNativeTarget section */

/* Begin PBXProject section */
		8EFD7F4F1EEA3DE1000C4E73 /* Project object */ = {
			isa = PBXProject;
			attributes = {
				LastSwiftUpdateCheck = 0830;
				LastUpgradeCheck = 0830;
				ORGANIZATIONNAME = "清科";
				TargetAttributes = {
					8EFD7F561EEA3DE1000C4E73 = {
						CreatedOnToolsVersion = 8.3.2;
						DevelopmentTeam = 48LJY67UZE;
						ProvisioningStyle = Automatic;
					};
				};
			};
			buildConfigurationList = 8EFD7F521EEA3DE1000C4E73 /* Build configuration list for PBXProject "ZBDouYu" */;
			compatibilityVersion = "Xcode 3.2";
			developmentRegion = English;
			hasScannedForEncodings = 0;
			knownRegions = (
				en,
				Base,
			);
			mainGroup = 8EFD7F4E1EEA3DE1000C4E73;
			productRefGroup = 8EFD7F581EEA3DE2000C4E73 /* Products */;
			projectDirPath = "";
			projectRoot = "";
			targets = (
				8EFD7F561EEA3DE1000C4E73 /* ZBDouYu */,
			);
		};
/* End PBXProject section */

/* Begin PBXResourcesBuildPhase section */
		8EFD7F551EEA3DE1000C4E73 /* Resources */ = {
			isa = PBXResourcesBuildPhase;
			buildActionMask = 2147483647;
			files = (
				8EFD7F651EEA3DE2000C4E73 /* LaunchScreen.storyboard in Resources */,
				8EFD7F621EEA3DE2000C4E73 /* Assets.xcassets in Resources */,
				8EFD7F601EEA3DE2000C4E73 /* Main.storyboard in Resources */,
			);
			runOnlyForDeploymentPostprocessing = 0;
		};
/* End PBXResourcesBuildPhase section */

/* Begin PBXSourcesBuildPhase section */
		8EFD7F531EEA3DE1000C4E73 /* Sources */ = {
			isa = PBXSourcesBuildPhase;
			buildActionMask = 2147483647;
			files = (
				8EFD7F5D1EEA3DE2000C4E73 /* ViewController.swift in Sources */,
				8EFD7F5B1EEA3DE2000C4E73 /* AppDelegate.swift in Sources */,
			);
			runOnlyForDeploymentPostprocessing = 0;
		};
/* End PBXSourcesBuildPhase section */

/* Begin PBXVariantGroup section */
		8EFD7F5E1EEA3DE2000C4E73 /* Main.storyboard */ = {
			isa = PBXVariantGroup;
			children = (
				8EFD7F5F1EEA3DE2000C4E73 /* Base */,
			);
			name = Main.storyboard;
			sourceTree = "<group>";
		};
		8EFD7F631EEA3DE2000C4E73 /* LaunchScreen.storyboard */ = {
			isa = PBXVariantGroup;
			children = (
				8EFD7F641EEA3DE2000C4E73 /* Base */,
			);
			name = LaunchScreen.storyboard;
			sourceTree = "<group>";
		};
/* End PBXVariantGroup section */

/* Begin XCBuildConfiguration section */
		8EFD7F671EEA3DE2000C4E73 /* Debug */ = {
			isa = XCBuildConfiguration;
			buildSettings = {
				ALWAYS_SEARCH_USER_PATHS = NO;
				CLANG_ANALYZER_NONNULL = YES;
				CLANG_ANALYZER_NUMBER_OBJECT_CONVERSION = YES_AGGRESSIVE;
				CLANG_CXX_LANGUAGE_STANDARD = "gnu++0x";
				CLANG_CXX_LIBRARY = "libc++";
				CLANG_ENABLE_MODULES = YES;
				CLANG_ENABLE_OBJC_ARC = YES;
				CLANG_WARN_BOOL_CONVERSION = YES;
				CLANG_WARN_CONSTANT_CONVERSION = YES;
				CLANG_WARN_DIRECT_OBJC_ISA_USAGE = YES_ERROR;
				CLANG_WARN_DOCUMENTATION_COMMENTS = YES;
				CLANG_WARN_EMPTY_BODY = YES;
				CLANG_WARN_ENUM_CONVERSION = YES;
				CLANG_WARN_INFINITE_RECURSION = YES;
				CLANG_WARN_INT_CONVERSION = YES;
				CLANG_WARN_OBJC_ROOT_CLASS = YES_ERROR;
				CLANG_WARN_SUSPICIOUS_MOVE = YES;
				CLANG_WARN_UNREACHABLE_CODE = YES;
				CLANG_WARN__DUPLICATE_METHOD_MATCH = YES;
				"CODE_SIGN_IDENTITY[sdk=iphoneos*]" = "iPhone Developer";
				COPY_PHASE_STRIP = NO;
				DEBUG_INFORMATION_FORMAT = dwarf;
				ENABLE_STRICT_OBJC_MSGSEND = YES;
				ENABLE_TESTABILITY = YES;
				GCC_C_LANGUAGE_STANDARD = gnu99;
				GCC_DYNAMIC_NO_PIC = NO;
				GCC_NO_COMMON_BLOCKS = YES;
				GCC_OPTIMIZATION_LEVEL = 0;
				GCC_PREPROCESSOR_DEFINITIONS = (
					"DEBUG=1",
					"$(inherited)",
				);
				GCC_WARN_64_TO_32_BIT_CONVERSION = YES;
				GCC_WARN_ABOUT_RETURN_TYPE = YES_ERROR;
				GCC_WARN_UNDECLARED_SELECTOR = YES;
				GCC_WARN_UNINITIALIZED_AUTOS = YES_AGGRESSIVE;
				GCC_WARN_UNUSED_FUNCTION = YES;
				GCC_WARN_UNUSED_VARIABLE = YES;
				IPHONEOS_DEPLOYMENT_TARGET = 10.3;
				MTL_ENABLE_DEBUG_INFO = YES;
				ONLY_ACTIVE_ARCH = YES;
				SDKROOT = iphoneos;
				SWIFT_ACTIVE_COMPILATION_CONDITIONS = DEBUG;
				SWIFT_OPTIMIZATION_LEVEL = "-Onone";
			};
			name = Debug;
		};
		8EFD7F681EEA3DE2000C4E73 /* Release */ = {
			isa = XCBuildConfiguration;
			buildSettings = {
				ALWAYS_SEARCH_USER_PATHS = NO;
				CLANG_ANALYZER_NONNULL = YES;
				CLANG_ANALYZER_NUMBER_OBJECT_CONVERSION = YES_AGGRESSIVE;
				CLANG_CXX_LANGUAGE_STANDARD = "gnu++0x";
				CLANG_CXX_LIBRARY = "libc++";
				CLANG_ENABLE_MODULES = YES;
				CLANG_ENABLE_OBJC_ARC = YES;
				CLANG_WARN_BOOL_CONVERSION = YES;
				CLANG_WARN_CONSTANT_CONVERSION = YES;
				CLANG_WARN_DIRECT_OBJC_ISA_USAGE = YES_ERROR;
				CLANG_WARN_DOCUMENTATION_COMMENTS = YES;
				CLANG_WARN_EMPTY_BODY = YES;
				CLANG_WARN_ENUM_CONVERSION = YES;
				CLANG_WARN_INFINITE_RECURSION = YES;
				CLANG_WARN_INT_CONVERSION = YES;
				CLANG_WARN_OBJC_ROOT_CLASS = YES_ERROR;
				CLANG_WARN_SUSPICIOUS_MOVE = YES;
				CLANG_WARN_UNREACHABLE_CODE = YES;
				CLANG_WARN__DUPLICATE_METHOD_MATCH = YES;
				"CODE_SIGN_IDENTITY[sdk=iphoneos*]" = "iPhone Developer";
				COPY_PHASE_STRIP = NO;
				DEBUG_INFORMATION_FORMAT = "dwarf-with-dsym";
				ENABLE_NS_ASSERTIONS = NO;
				ENABLE_STRICT_OBJC_MSGSEND = YES;
				GCC_C_LANGUAGE_STANDARD = gnu99;
				GCC_NO_COMMON_BLOCKS = YES;
				GCC_WARN_64_TO_32_BIT_CONVERSION = YES;
				GCC_WARN_ABOUT_RETURN_TYPE = YES_ERROR;
				GCC_WARN_UNDECLARED_SELECTOR = YES;
				GCC_WARN_UNINITIALIZED_AUTOS = YES_AGGRESSIVE;
				GCC_WARN_UNUSED_FUNCTION = YES;
				GCC_WARN_UNUSED_VARIABLE = YES;
				IPHONEOS_DEPLOYMENT_TARGET = 10.3;
				MTL_ENABLE_DEBUG_INFO = NO;
				SDKROOT = iphoneos;
				SWIFT_OPTIMIZATION_LEVEL = "-Owholemodule";
				VALIDATE_PRODUCT = YES;
			};
			name = Release;
		};
		8EFD7F6A1EEA3DE2000C4E73 /* Debug */ = {
			isa = XCBuildConfiguration;
			buildSettings = {
				ASSETCATALOG_COMPILER_APPICON_NAME = AppIcon;
				DEVELOPMENT_TEAM = 48LJY67UZE;
				INFOPLIST_FILE = ZBDouYu/Info.plist;
				LD_RUNPATH_SEARCH_PATHS = "$(inherited) @executable_path/Frameworks";
				PRODUCT_BUNDLE_IDENTIFIER = co.wecity.ZBDouYu;
				PRODUCT_NAME = "$(TARGET_NAME)";
				SWIFT_VERSION = 3.0;
			};
			name = Debug;
		};
		8EFD7F6B1EEA3DE2000C4E73 /* Release */ = {
			isa = XCBuildConfiguration;
			buildSettings = {
				ASSETCATALOG_COMPILER_APPICON_NAME = AppIcon;
				DEVELOPMENT_TEAM = 48LJY67UZE;
				INFOPLIST_FILE = ZBDouYu/Info.plist;
				LD_RUNPATH_SEARCH_PATHS = "$(inherited) @executable_path/Frameworks";
				PRODUCT_BUNDLE_IDENTIFIER = co.wecity.ZBDouYu;
				PRODUCT_NAME = "$(TARGET_NAME)";
				SWIFT_VERSION = 3.0;
			};
			name = Release;
		};
/* End XCBuildConfiguration section */

/* Begin XCConfigurationList section */
		8EFD7F521EEA3DE1000C4E73 /* Build configuration list for PBXProject "ZBDouYu" */ = {
			isa = XCConfigurationList;
			buildConfigurations = (
				8EFD7F671EEA3DE2000C4E73 /* Debug */,
				8EFD7F681EEA3DE2000C4E73 /* Release */,
			);
			defaultConfigurationIsVisible = 0;
			defaultConfigurationName = Release;
		};
		8EFD7F691EEA3DE2000C4E73 /* Build configuration list for PBXNativeTarget "ZBDouYu" */ = {
			isa = XCConfigurationList;
			buildConfigurations = (
				8EFD7F6A1EEA3DE2000C4E73 /* Debug */,
				8EFD7F6B1EEA3DE2000C4E73 /* Release */,
			);
			defaultConfigurationIsVisible = 0;
		};
/* End XCConfigurationList section */
	};
	rootObject = 8EFD7F4F1EEA3DE1000C4E73 /* Project object */;
}
